// !$*UTF8*$!
{
	archiveVersion = 1;
	classes = {
	};
	objectVersion = 56;
	objects = {

/* Begin PBXBuildFile section */
		710B66D62C1FE74500A5C5AA /* AppDelegate.swift in Sources */ = {isa = PBXBuildFile; fileRef = 710B66D52C1FE74500A5C5AA /* AppDelegate.swift */; };
		710B66D82C1FE74500A5C5AA /* SceneDelegate.swift in Sources */ = {isa = PBXBuildFile; fileRef = 710B66D72C1FE74500A5C5AA /* SceneDelegate.swift */; };
		710B66DA2C1FE74500A5C5AA /* ViewController.swift in Sources */ = {isa = PBXBuildFile; fileRef = 710B66D92C1FE74500A5C5AA /* ViewController.swift */; };
		710B66DD2C1FE74500A5C5AA /* Base in Resources */ = {isa = PBXBuildFile; fileRef = 710B66DC2C1FE74500A5C5AA /* Base */; };
		710B66DF2C1FE74700A5C5AA /* Assets.xcassets in Resources */ = {isa = PBXBuildFile; fileRef = 710B66DE2C1FE74700A5C5AA /* Assets.xcassets */; };
		710B66E22C1FE74700A5C5AA /* Base in Resources */ = {isa = PBXBuildFile; fileRef = 710B66E12C1FE74700A5C5AA /* Base */; };
		710B66ED2C1FE74700A5C5AA /* test1_storyboardTests.swift in Sources */ = {isa = PBXBuildFile; fileRef = 710B66EC2C1FE74700A5C5AA /* test1_storyboardTests.swift */; };
		710B66F72C1FE74700A5C5AA /* test1_storyboardUITests.swift in Sources */ = {isa = PBXBuildFile; fileRef = 710B66F62C1FE74700A5C5AA /* test1_storyboardUITests.swift */; };
		710B66F92C1FE74700A5C5AA /* test1_storyboardUITestsLaunchTests.swift in Sources */ = {isa = PBXBuildFile; fileRef = 710B66F82C1FE74700A5C5AA /* test1_storyboardUITestsLaunchTests.swift */; };
/* End PBXBuildFile section */

/* Begin PBXContainerItemProxy section */
		710B66E92C1FE74700A5C5AA /* PBXContainerItemProxy */ = {
			isa = PBXContainerItemProxy;
			containerPortal = 710B66CA2C1FE74400A5C5AA /* Project object */;
			proxyType = 1;
			remoteGlobalIDString = 710B66D12C1FE74500A5C5AA;
			remoteInfo = test1_storyboard;
		};
		710B66F32C1FE74700A5C5AA /* PBXContainerItemProxy */ = {
			isa = PBXContainerItemProxy;
			containerPortal = 710B66CA2C1FE74400A5C5AA /* Project object */;
			proxyType = 1;
			remoteGlobalIDString = 710B66D12C1FE74500A5C5AA;
			remoteInfo = test1_storyboard;
		};
/* End PBXContainerItemProxy section */

/* Begin PBXFileReference section */
		710B66D22C1FE74500A5C5AA /* test1_storyboard.app */ = {isa = PBXFileReference; explicitFileType = wrapper.application; includeInIndex = 0; path = test1_storyboard.app; sourceTree = BUILT_PRODUCTS_DIR; };
		710B66D52C1FE74500A5C5AA /* AppDelegate.swift */ = {isa = PBXFileReference; lastKnownFileType = sourcecode.swift; path = AppDelegate.swift; sourceTree = "<group>"; };
		710B66D72C1FE74500A5C5AA /* SceneDelegate.swift */ = {isa = PBXFileReference; lastKnownFileType = sourcecode.swift; path = SceneDelegate.swift; sourceTree = "<group>"; };
		710B66D92C1FE74500A5C5AA /* ViewController.swift */ = {isa = PBXFileReference; lastKnownFileType = sourcecode.swift; path = ViewController.swift; sourceTree = "<group>"; };
		710B66DC2C1FE74500A5C5AA /* Base */ = {isa = PBXFileReference; lastKnownFileType = file.storyboard; name = Base; path = Base.lproj/Main.storyboard; sourceTree = "<group>"; };
		710B66DE2C1FE74700A5C5AA /* Assets.xcassets */ = {isa = PBXFileReference; lastKnownFileType = folder.assetcatalog; path = Assets.xcassets; sourceTree = "<group>"; };
		710B66E12C1FE74700A5C5AA /* Base */ = {isa = PBXFileReference; lastKnownFileType = file.storyboard; name = Base; path = Base.lproj/LaunchScreen.storyboard; sourceTree = "<group>"; };
		710B66E32C1FE74700A5C5AA /* Info.plist */ = {isa = PBXFileReference; lastKnownFileType = text.plist.xml; path = Info.plist; sourceTree = "<group>"; };
		710B66E82C1FE74700A5C5AA /* test1_storyboardTests.xctest */ = {isa = PBXFileReference; explicitFileType = wrapper.cfbundle; includeInIndex = 0; path = test1_storyboardTests.xctest; sourceTree = BUILT_PRODUCTS_DIR; };
		710B66EC2C1FE74700A5C5AA /* test1_storyboardTests.swift */ = {isa = PBXFileReference; lastKnownFileType = sourcecode.swift; path = test1_storyboardTests.swift; sourceTree = "<group>"; };
		710B66F22C1FE74700A5C5AA /* test1_storyboardUITests.xctest */ = {isa = PBXFileReference; explicitFileType = wrapper.cfbundle; includeInIndex = 0; path = test1_storyboardUITests.xctest; sourceTree = BUILT_PRODUCTS_DIR; };
		710B66F62C1FE74700A5C5AA /* test1_storyboardUITests.swift */ = {isa = PBXFileReference; lastKnownFileType = sourcecode.swift; path = test1_storyboardUITests.swift; sourceTree = "<group>"; };
		710B66F82C1FE74700A5C5AA /* test1_storyboardUITestsLaunchTests.swift */ = {isa = PBXFileReference; lastKnownFileType = sourcecode.swift; path = test1_storyboardUITestsLaunchTests.swift; sourceTree = "<group>"; };
		713C508E2C20108500D59287 /* test1-storyboardTests-Info.plist */ = {isa = PBXFileReference; lastKnownFileType = text.plist; path = "test1-storyboardTests-Info.plist"; sourceTree = SOURCE_ROOT; };
		713C508F2C2010A000D59287 /* test1-storyboardUITests-Info.plist */ = {isa = PBXFileReference; lastKnownFileType = text.plist; path = "test1-storyboardUITests-Info.plist"; sourceTree = SOURCE_ROOT; };
		713C50912C20122F00D59287 /* crayon_1-1.ttf */ = {isa = PBXFileReference; lastKnownFileType = file; name = "crayon_1-1.ttf"; path = "../../Downloads/crayonfont/crayon_1-1.ttf"; sourceTree = "<group>"; };
/* End PBXFileReference section */

/* Begin PBXFrameworksBuildPhase section */
		710B66CF2C1FE74500A5C5AA /* Frameworks */ = {
			isa = PBXFrameworksBuildPhase;
			buildActionMask = 2147483647;
			files = (
			);
			runOnlyForDeploymentPostprocessing = 0;
		};
		710B66E52C1FE74700A5C5AA /* Frameworks */ = {
			isa = PBXFrameworksBuildPhase;
			buildActionMask = 2147483647;
			files = (
			);
			runOnlyForDeploymentPostprocessing = 0;
		};
		710B66EF2C1FE74700A5C5AA /* Frameworks */ = {
			isa = PBXFrameworksBuildPhase;
			buildActionMask = 2147483647;
			files = (
			);
			runOnlyForDeploymentPostprocessing = 0;
		};
/* End PBXFrameworksBuildPhase section */

/* Begin PBXGroup section */
		710B66C92C1FE74400A5C5AA = {
			isa = PBXGroup;
			children = (
				710B66D42C1FE74500A5C5AA /* test1_storyboard */,
				710B66EB2C1FE74700A5C5AA /* test1_storyboardTests */,
				710B66F52C1FE74700A5C5AA /* test1_storyboardUITests */,
				710B66D32C1FE74500A5C5AA /* Products */,
			);
			sourceTree = "<group>";
		};
		710B66D32C1FE74500A5C5AA /* Products */ = {
			isa = PBXGroup;
			children = (
				710B66D22C1FE74500A5C5AA /* test1_storyboard.app */,
				710B66E82C1FE74700A5C5AA /* test1_storyboardTests.xctest */,
				710B66F22C1FE74700A5C5AA /* test1_storyboardUITests.xctest */,
			);
			name = Products;
			sourceTree = "<group>";
		};
		710B66D42C1FE74500A5C5AA /* test1_storyboard */ = {
			isa = PBXGroup;
			children = (
				713C50912C20122F00D59287 /* crayon_1-1.ttf */,
				710B66D52C1FE74500A5C5AA /* AppDelegate.swift */,
				710B66D72C1FE74500A5C5AA /* SceneDelegate.swift */,
				710B66D92C1FE74500A5C5AA /* ViewController.swift */,
				710B66DB2C1FE74500A5C5AA /* Main.storyboard */,
				710B66DE2C1FE74700A5C5AA /* Assets.xcassets */,
				710B66E02C1FE74700A5C5AA /* LaunchScreen.storyboard */,
				710B66E32C1FE74700A5C5AA /* Info.plist */,
			);
			path = test1_storyboard;
			sourceTree = "<group>";
		};
		710B66EB2C1FE74700A5C5AA /* test1_storyboardTests */ = {
			isa = PBXGroup;
			children = (
				713C508E2C20108500D59287 /* test1-storyboardTests-Info.plist */,
				710B66EC2C1FE74700A5C5AA /* test1_storyboardTests.swift */,
			);
			path = test1_storyboardTests;
			sourceTree = "<group>";
		};
		710B66F52C1FE74700A5C5AA /* test1_storyboardUITests */ = {
			isa = PBXGroup;
			children = (
				713C508F2C2010A000D59287 /* test1-storyboardUITests-Info.plist */,
				710B66F62C1FE74700A5C5AA /* test1_storyboardUITests.swift */,
				710B66F82C1FE74700A5C5AA /* test1_storyboardUITestsLaunchTests.swift */,
			);
			path = test1_storyboardUITests;
			sourceTree = "<group>";
		};
/* End PBXGroup section */

/* Begin PBXNativeTarget section */
		710B66D12C1FE74500A5C5AA /* test1_storyboard */ = {
			isa = PBXNativeTarget;
			buildConfigurationList = 710B66FC2C1FE74700A5C5AA /* Build configuration list for PBXNativeTarget "test1_storyboard" */;
			buildPhases = (
				710B66CE2C1FE74500A5C5AA /* Sources */,
				710B66CF2C1FE74500A5C5AA /* Frameworks */,
				710B66D02C1FE74500A5C5AA /* Resources */,
			);
			buildRules = (
			);
			dependencies = (
			);
			name = test1_storyboard;
			productName = test1_storyboard;
			productReference = 710B66D22C1FE74500A5C5AA /* test1_storyboard.app */;
			productType = "com.apple.product-type.application";
		};
		710B66E72C1FE74700A5C5AA /* test1_storyboardTests */ = {
			isa = PBXNativeTarget;
			buildConfigurationList = 710B66FF2C1FE74700A5C5AA /* Build configuration list for PBXNativeTarget "test1_storyboardTests" */;
			buildPhases = (
				710B66E42C1FE74700A5C5AA /* Sources */,
				710B66E52C1FE74700A5C5AA /* Frameworks */,
				710B66E62C1FE74700A5C5AA /* Resources */,
			);
			buildRules = (
			);
			dependencies = (
				710B66EA2C1FE74700A5C5AA /* PBXTargetDependency */,
			);
			name = test1_storyboardTests;
			productName = test1_storyboardTests;
			productReference = 710B66E82C1FE74700A5C5AA /* test1_storyboardTests.xctest */;
			productType = "com.apple.product-type.bundle.unit-test";
		};
		710B66F12C1FE74700A5C5AA /* test1_storyboardUITests */ = {
			isa = PBXNativeTarget;
			buildConfigurationList = 710B67022C1FE74700A5C5AA /* Build configuration list for PBXNativeTarget "test1_storyboardUITests" */;
			buildPhases = (
				710B66EE2C1FE74700A5C5AA /* Sources */,
				710B66EF2C1FE74700A5C5AA /* Frameworks */,
				710B66F02C1FE74700A5C5AA /* Resources */,
			);
			buildRules = (
			);
			dependencies = (
				710B66F42C1FE74700A5C5AA /* PBXTargetDependency */,
			);
			name = test1_storyboardUITests;
			productName = test1_storyboardUITests;
			productReference = 710B66F22C1FE74700A5C5AA /* test1_storyboardUITests.xctest */;
			productType = "com.apple.product-type.bundle.ui-testing";
		};
/* End PBXNativeTarget section */

/* Begin PBXProject section */
		710B66CA2C1FE74400A5C5AA /* Project object */ = {
			isa = PBXProject;
			attributes = {
				BuildIndependentTargetsInParallel = 1;
				LastSwiftUpdateCheck = 1530;
				LastUpgradeCheck = 1530;
				TargetAttributes = {
					710B66D12C1FE74500A5C5AA = {
						CreatedOnToolsVersion = 15.3;
					};
					710B66E72C1FE74700A5C5AA = {
						CreatedOnToolsVersion = 15.3;
						TestTargetID = 710B66D12C1FE74500A5C5AA;
					};
					710B66F12C1FE74700A5C5AA = {
						CreatedOnToolsVersion = 15.3;
						TestTargetID = 710B66D12C1FE74500A5C5AA;
					};
				};
			};
			buildConfigurationList = 710B66CD2C1FE74400A5C5AA /* Build configuration list for PBXProject "test1_storyboard" */;
			compatibilityVersion = "Xcode 14.0";
			developmentRegion = en;
			hasScannedForEncodings = 0;
			knownRegions = (
				en,
				Base,
			);
			mainGroup = 710B66C92C1FE74400A5C5AA;
			productRefGroup = 710B66D32C1FE74500A5C5AA /* Products */;
			projectDirPath = "";
			projectRoot = "";
			targets = (
				710B66D12C1FE74500A5C5AA /* test1_storyboard */,
				710B66E72C1FE74700A5C5AA /* test1_storyboardTests */,
				710B66F12C1FE74700A5C5AA /* test1_storyboardUITests */,
			);
		};
/* End PBXProject section */

/* Begin PBXResourcesBuildPhase section */
		710B66D02C1FE74500A5C5AA /* Resources */ = {
			isa = PBXResourcesBuildPhase;
			buildActionMask = 2147483647;
			files = (
				710B66DF2C1FE74700A5C5AA /* Assets.xcassets in Resources */,
				710B66E22C1FE74700A5C5AA /* Base in Resources */,
				710B66DD2C1FE74500A5C5AA /* Base in Resources */,
			);
			runOnlyForDeploymentPostprocessing = 0;
		};
		710B66E62C1FE74700A5C5AA /* Resources */ = {
			isa = PBXResourcesBuildPhase;
			buildActionMask = 2147483647;
			files = (
			);
			runOnlyForDeploymentPostprocessing = 0;
		};
		710B66F02C1FE74700A5C5AA /* Resources */ = {
			isa = PBXResourcesBuildPhase;
			buildActionMask = 2147483647;
			files = (
			);
			runOnlyForDeploymentPostprocessing = 0;
		};
/* End PBXResourcesBuildPhase section */

/* Begin PBXSourcesBuildPhase section */
		710B66CE2C1FE74500A5C5AA /* Sources */ = {
			isa = PBXSourcesBuildPhase;
			buildActionMask = 2147483647;
			files = (
				710B66DA2C1FE74500A5C5AA /* ViewController.swift in Sources */,
				710B66D62C1FE74500A5C5AA /* AppDelegate.swift in Sources */,
				710B66D82C1FE74500A5C5AA /* SceneDelegate.swift in Sources */,
			);
			runOnlyForDeploymentPostprocessing = 0;
		};
		710B66E42C1FE74700A5C5AA /* Sources */ = {
			isa = PBXSourcesBuildPhase;
			buildActionMask = 2147483647;
			files = (
				710B66ED2C1FE74700A5C5AA /* test1_storyboardTests.swift in Sources */,
			);
			runOnlyForDeploymentPostprocessing = 0;
		};
		710B66EE2C1FE74700A5C5AA /* Sources */ = {
			isa = PBXSourcesBuildPhase;
			buildActionMask = 2147483647;
			files = (
				710B66F72C1FE74700A5C5AA /* test1_storyboardUITests.swift in Sources */,
				710B66F92C1FE74700A5C5AA /* test1_storyboardUITestsLaunchTests.swift in Sources */,
			);
			runOnlyForDeploymentPostprocessing = 0;
		};
/* End PBXSourcesBuildPhase section */

/* Begin PBXTargetDependency section */
		710B66EA2C1FE74700A5C5AA /* PBXTargetDependency */ = {
			isa = PBXTargetDependency;
			target = 710B66D12C1FE74500A5C5AA /* test1_storyboard */;
			targetProxy = 710B66E92C1FE74700A5C5AA /* PBXContainerItemProxy */;
		};
		710B66F42C1FE74700A5C5AA /* PBXTargetDependency */ = {
			isa = PBXTargetDependency;
			target = 710B66D12C1FE74500A5C5AA /* test1_storyboard */;
			targetProxy = 710B66F32C1FE74700A5C5AA /* PBXContainerItemProxy */;
		};
/* End PBXTargetDependency section */

/* Begin PBXVariantGroup section */
		710B66DB2C1FE74500A5C5AA /* Main.storyboard */ = {
			isa = PBXVariantGroup;
			children = (
				710B66DC2C1FE74500A5C5AA /* Base */,
			);
			name = Main.storyboard;
			sourceTree = "<group>";
		};
		710B66E02C1FE74700A5C5AA /* LaunchScreen.storyboard */ = {
			isa = PBXVariantGroup;
			children = (
				710B66E12C1FE74700A5C5AA /* Base */,
			);
			name = LaunchScreen.storyboard;
			sourceTree = "<group>";
		};
/* End PBXVariantGroup section */

/* Begin XCBuildConfiguration section */
		710B66FA2C1FE74700A5C5AA /* Debug */ = {
			isa = XCBuildConfiguration;
			buildSettings = {
				ALWAYS_SEARCH_USER_PATHS = NO;
				ASSETCATALOG_COMPILER_GENERATE_SWIFT_ASSET_SYMBOL_EXTENSIONS = YES;
				CLANG_ANALYZER_NONNULL = YES;
				CLANG_ANALYZER_NUMBER_OBJECT_CONVERSION = YES_AGGRESSIVE;
				CLANG_CXX_LANGUAGE_STANDARD = "gnu++20";
				CLANG_ENABLE_MODULES = YES;
				CLANG_ENABLE_OBJC_ARC = YES;
				CLANG_ENABLE_OBJC_WEAK = YES;
				CLANG_WARN_BLOCK_CAPTURE_AUTORELEASING = YES;
				CLANG_WARN_BOOL_CONVERSION = YES;
				CLANG_WARN_COMMA = YES;
				CLANG_WARN_CONSTANT_CONVERSION = YES;
				CLANG_WARN_DEPRECATED_OBJC_IMPLEMENTATIONS = YES;
				CLANG_WARN_DIRECT_OBJC_ISA_USAGE = YES_ERROR;
				CLANG_WARN_DOCUMENTATION_COMMENTS = YES;
				CLANG_WARN_EMPTY_BODY = YES;
				CLANG_WARN_ENUM_CONVERSION = YES;
				CLANG_WARN_INFINITE_RECURSION = YES;
				CLANG_WARN_INT_CONVERSION = YES;
				CLANG_WARN_NON_LITERAL_NULL_CONVERSION = YES;
				CLANG_WARN_OBJC_IMPLICIT_RETAIN_SELF = YES;
				CLANG_WARN_OBJC_LITERAL_CONVERSION = YES;
				CLANG_WARN_OBJC_ROOT_CLASS = YES_ERROR;
				CLANG_WARN_QUOTED_INCLUDE_IN_FRAMEWORK_HEADER = YES;
				CLANG_WARN_RANGE_LOOP_ANALYSIS = YES;
				CLANG_WARN_STRICT_PROTOTYPES = YES;
				CLANG_WARN_SUSPICIOUS_MOVE = YES;
				CLANG_WARN_UNGUARDED_AVAILABILITY = YES_AGGRESSIVE;
				CLANG_WARN_UNREACHABLE_CODE = YES;
				CLANG_WARN__DUPLICATE_METHOD_MATCH = YES;
				COPY_PHASE_STRIP = NO;
				DEBUG_INFORMATION_FORMAT = dwarf;
				ENABLE_STRICT_OBJC_MSGSEND = YES;
				ENABLE_TESTABILITY = YES;
				ENABLE_USER_SCRIPT_SANDBOXING = YES;
				GCC_C_LANGUAGE_STANDARD = gnu17;
				GCC_DYNAMIC_NO_PIC = NO;
				GCC_NO_COMMON_BLOCKS = YES;
				GCC_OPTIMIZATION_LEVEL = 0;
				GCC_PREPROCESSOR_DEFINITIONS = (
					"DEBUG=1",
					"$(inherited)",
				);
				GCC_WARN_64_TO_32_BIT_CONVERSION = YES;
				GCC_WARN_ABOUT_RETURN_TYPE = YES_ERROR;
				GCC_WARN_UNDECLARED_SELECTOR = YES;
				GCC_WARN_UNINITIALIZED_AUTOS = YES_AGGRESSIVE;
				GCC_WARN_UNUSED_FUNCTION = YES;
				GCC_WARN_UNUSED_VARIABLE = YES;
				IPHONEOS_DEPLOYMENT_TARGET = 17.4;
				LOCALIZATION_PREFERS_STRING_CATALOGS = YES;
				MTL_ENABLE_DEBUG_INFO = INCLUDE_SOURCE;
				MTL_FAST_MATH = YES;
				ONLY_ACTIVE_ARCH = YES;
				SDKROOT = iphoneos;
				SWIFT_ACTIVE_COMPILATION_CONDITIONS = "DEBUG $(inherited)";
				SWIFT_OPTIMIZATION_LEVEL = "-Onone";
			};
			name = Debug;
		};
		710B66FB2C1FE74700A5C5AA /* Release */ = {
			isa = XCBuildConfiguration;
			buildSettings = {
				ALWAYS_SEARCH_USER_PATHS = NO;
				ASSETCATALOG_COMPILER_GENERATE_SWIFT_ASSET_SYMBOL_EXTENSIONS = YES;
				CLANG_ANALYZER_NONNULL = YES;
				CLANG_ANALYZER_NUMBER_OBJECT_CONVERSION = YES_AGGRESSIVE;
				CLANG_CXX_LANGUAGE_STANDARD = "gnu++20";
				CLANG_ENABLE_MODULES = YES;
				CLANG_ENABLE_OBJC_ARC = YES;
				CLANG_ENABLE_OBJC_WEAK = YES;
				CLANG_WARN_BLOCK_CAPTURE_AUTORELEASING = YES;
				CLANG_WARN_BOOL_CONVERSION = YES;
				CLANG_WARN_COMMA = YES;
				CLANG_WARN_CONSTANT_CONVERSION = YES;
				CLANG_WARN_DEPRECATED_OBJC_IMPLEMENTATIONS = YES;
				CLANG_WARN_DIRECT_OBJC_ISA_USAGE = YES_ERROR;
				CLANG_WARN_DOCUMENTATION_COMMENTS = YES;
				CLANG_WARN_EMPTY_BODY = YES;
				CLANG_WARN_ENUM_CONVERSION = YES;
				CLANG_WARN_INFINITE_RECURSION = YES;
				CLANG_WARN_INT_CONVERSION = YES;
				CLANG_WARN_NON_LITERAL_NULL_CONVERSION = YES;
				CLANG_WARN_OBJC_IMPLICIT_RETAIN_SELF = YES;
				CLANG_WARN_OBJC_LITERAL_CONVERSION = YES;
				CLANG_WARN_OBJC_ROOT_CLASS = YES_ERROR;
				CLANG_WARN_QUOTED_INCLUDE_IN_FRAMEWORK_HEADER = YES;
				CLANG_WARN_RANGE_LOOP_ANALYSIS = YES;
				CLANG_WARN_STRICT_PROTOTYPES = YES;
				CLANG_WARN_SUSPICIOUS_MOVE = YES;
				CLANG_WARN_UNGUARDED_AVAILABILITY = YES_AGGRESSIVE;
				CLANG_WARN_UNREACHABLE_CODE = YES;
				CLANG_WARN__DUPLICATE_METHOD_MATCH = YES;
				COPY_PHASE_STRIP = NO;
				DEBUG_INFORMATION_FORMAT = "dwarf-with-dsym";
				ENABLE_NS_ASSERTIONS = NO;
				ENABLE_STRICT_OBJC_MSGSEND = YES;
				ENABLE_USER_SCRIPT_SANDBOXING = YES;
				GCC_C_LANGUAGE_STANDARD = gnu17;
				GCC_NO_COMMON_BLOCKS = YES;
				GCC_WARN_64_TO_32_BIT_CONVERSION = YES;
				GCC_WARN_ABOUT_RETURN_TYPE = YES_ERROR;
				GCC_WARN_UNDECLARED_SELECTOR = YES;
				GCC_WARN_UNINITIALIZED_AUTOS = YES_AGGRESSIVE;
				GCC_WARN_UNUSED_FUNCTION = YES;
				GCC_WARN_UNUSED_VARIABLE = YES;
				IPHONEOS_DEPLOYMENT_TARGET = 17.4;
				LOCALIZATION_PREFERS_STRING_CATALOGS = YES;
				MTL_ENABLE_DEBUG_INFO = NO;
				MTL_FAST_MATH = YES;
				SDKROOT = iphoneos;
				SWIFT_COMPILATION_MODE = wholemodule;
				VALIDATE_PRODUCT = YES;
			};
			name = Release;
		};
		710B66FD2C1FE74700A5C5AA /* Debug */ = {
			isa = XCBuildConfiguration;
			buildSettings = {
				ASSETCATALOG_COMPILER_APPICON_NAME = AppIcon;
				ASSETCATALOG_COMPILER_GLOBAL_ACCENT_COLOR_NAME = AccentColor;
				CODE_SIGN_STYLE = Automatic;
				CURRENT_PROJECT_VERSION = 1;
				GENERATE_INFOPLIST_FILE = YES;
				INFOPLIST_FILE = test1_storyboard/Info.plist;
				INFOPLIST_KEY_UIApplicationSupportsIndirectInputEvents = YES;
				INFOPLIST_KEY_UILaunchStoryboardName = LaunchScreen;
				INFOPLIST_KEY_UIMainStoryboardFile = Main;
				INFOPLIST_KEY_UISupportedInterfaceOrientations_iPad = "UIInterfaceOrientationPortrait UIInterfaceOrientationPortraitUpsideDown UIInterfaceOrientationLandscapeLeft UIInterfaceOrientationLandscapeRight";
				INFOPLIST_KEY_UISupportedInterfaceOrientations_iPhone = "UIInterfaceOrientationPortrait UIInterfaceOrientationLandscapeLeft UIInterfaceOrientationLandscapeRight";
				LD_RUNPATH_SEARCH_PATHS = (
					"$(inherited)",
					"@executable_path/Frameworks",
				);
				MARKETING_VERSION = 1.0;
				PRODUCT_BUNDLE_IDENTIFIER = "psp.test1-storyboard";
				PRODUCT_NAME = "$(TARGET_NAME)";
				SWIFT_EMIT_LOC_STRINGS = YES;
				SWIFT_VERSION = 5.0;
				TARGETED_DEVICE_FAMILY = "1,2";
			};
			name = Debug;
		};
		710B66FE2C1FE74700A5C5AA /* Release */ = {
			isa = XCBuildConfiguration;
			buildSettings = {
				ASSETCATALOG_COMPILER_APPICON_NAME = AppIcon;
				ASSETCATALOG_COMPILER_GLOBAL_ACCENT_COLOR_NAME = AccentColor;
				CODE_SIGN_STYLE = Automatic;
				CURRENT_PROJECT_VERSION = 1;
				GENERATE_INFOPLIST_FILE = YES;
				INFOPLIST_FILE = test1_storyboard/Info.plist;
				INFOPLIST_KEY_UIApplicationSupportsIndirectInputEvents = YES;
				INFOPLIST_KEY_UILaunchStoryboardName = LaunchScreen;
				INFOPLIST_KEY_UIMainStoryboardFile = Main;
				INFOPLIST_KEY_UISupportedInterfaceOrientations_iPad = "UIInterfaceOrientationPortrait UIInterfaceOrientationPortraitUpsideDown UIInterfaceOrientationLandscapeLeft UIInterfaceOrientationLandscapeRight";
				INFOPLIST_KEY_UISupportedInterfaceOrientations_iPhone = "UIInterfaceOrientationPortrait UIInterfaceOrientationLandscapeLeft UIInterfaceOrientationLandscapeRight";
				LD_RUNPATH_SEARCH_PATHS = (
					"$(inherited)",
					"@executable_path/Frameworks",
				);
				MARKETING_VERSION = 1.0;
				PRODUCT_BUNDLE_IDENTIFIER = "psp.test1-storyboard";
				PRODUCT_NAME = "$(TARGET_NAME)";
				SWIFT_EMIT_LOC_STRINGS = YES;
				SWIFT_VERSION = 5.0;
				TARGETED_DEVICE_FAMILY = "1,2";
			};
			name = Release;
		};
		710B67002C1FE74700A5C5AA /* Debug */ = {
			isa = XCBuildConfiguration;
			buildSettings = {
				ALWAYS_EMBED_SWIFT_STANDARD_LIBRARIES = YES;
				BUNDLE_LOADER = "$(TEST_HOST)";
				CODE_SIGN_STYLE = Automatic;
				CURRENT_PROJECT_VERSION = 1;
				GENERATE_INFOPLIST_FILE = YES;
				INFOPLIST_FILE = "test1-storyboardTests-Info.plist";
				IPHONEOS_DEPLOYMENT_TARGET = 17.4;
				MARKETING_VERSION = 1.0;
				PRODUCT_BUNDLE_IDENTIFIER = "psp.test1-storyboardTests";
				PRODUCT_NAME = "$(TARGET_NAME)";
				SWIFT_EMIT_LOC_STRINGS = NO;
				SWIFT_VERSION = 5.0;
				TARGETED_DEVICE_FAMILY = "1,2";
				TEST_HOST = "$(BUILT_PRODUCTS_DIR)/test1_storyboard.app/$(BUNDLE_EXECUTABLE_FOLDER_PATH)/test1_storyboard";
			};
			name = Debug;
		};
		710B67012C1FE74700A5C5AA /* Release */ = {
			isa = XCBuildConfiguration;
			buildSettings = {
				ALWAYS_EMBED_SWIFT_STANDARD_LIBRARIES = YES;
				BUNDLE_LOADER = "$(TEST_HOST)";
				CODE_SIGN_STYLE = Automatic;
				CURRENT_PROJECT_VERSION = 1;
				GENERATE_INFOPLIST_FILE = YES;
				INFOPLIST_FILE = "test1-storyboardTests-Info.plist";
				IPHONEOS_DEPLOYMENT_TARGET = 17.4;
				MARKETING_VERSION = 1.0;
				PRODUCT_BUNDLE_IDENTIFIER = "psp.test1-storyboardTests";
				PRODUCT_NAME = "$(TARGET_NAME)";
				SWIFT_EMIT_LOC_STRINGS = NO;
				SWIFT_VERSION = 5.0;
				TARGETED_DEVICE_FAMILY = "1,2";
				TEST_HOST = "$(BUILT_PRODUCTS_DIR)/test1_storyboard.app/$(BUNDLE_EXECUTABLE_FOLDER_PATH)/test1_storyboard";
			};
			name = Release;
		};
		710B67032C1FE74700A5C5AA /* Debug */ = {
			isa = XCBuildConfiguration;
			buildSettings = {
				ALWAYS_EMBED_SWIFT_STANDARD_LIBRARIES = YES;
				CODE_SIGN_STYLE = Automatic;
				CURRENT_PROJECT_VERSION = 1;
				GENERATE_INFOPLIST_FILE = YES;
				INFOPLIST_FILE = "test1-storyboardUITests-Info.plist";
				MARKETING_VERSION = 1.0;
				PRODUCT_BUNDLE_IDENTIFIER = "psp.test1-storyboardUITests";
				PRODUCT_NAME = "$(TARGET_NAME)";
				SWIFT_EMIT_LOC_STRINGS = NO;
				SWIFT_VERSION = 5.0;
				TARGETED_DEVICE_FAMILY = "1,2";
				TEST_TARGET_NAME = test1_storyboard;
			};
			name = Debug;
		};
		710B67042C1FE74700A5C5AA /* Release */ = {
			isa = XCBuildConfiguration;
			buildSettings = {
				ALWAYS_EMBED_SWIFT_STANDARD_LIBRARIES = YES;
				CODE_SIGN_STYLE = Automatic;
				CURRENT_PROJECT_VERSION = 1;
				GENERATE_INFOPLIST_FILE = YES;
				INFOPLIST_FILE = "test1-storyboardUITests-Info.plist";
				MARKETING_VERSION = 1.0;
				PRODUCT_BUNDLE_IDENTIFIER = "psp.test1-storyboardUITests";
				PRODUCT_NAME = "$(TARGET_NAME)";
				SWIFT_EMIT_LOC_STRINGS = NO;
				SWIFT_VERSION = 5.0;
				TARGETED_DEVICE_FAMILY = "1,2";
				TEST_TARGET_NAME = test1_storyboard;
			};
			name = Release;
		};
/* End XCBuildConfiguration section */

/* Begin XCConfigurationList section */
		710B66CD2C1FE74400A5C5AA /* Build configuration list for PBXProject "test1_storyboard" */ = {
			isa = XCConfigurationList;
			buildConfigurations = (
				710B66FA2C1FE74700A5C5AA /* Debug */,
				710B66FB2C1FE74700A5C5AA /* Release */,
			);
			defaultConfigurationIsVisible = 0;
			defaultConfigurationName = Release;
		};
		710B66FC2C1FE74700A5C5AA /* Build configuration list for PBXNativeTarget "test1_storyboard" */ = {
			isa = XCConfigurationList;
			buildConfigurations = (
				710B66FD2C1FE74700A5C5AA /* Debug */,
				710B66FE2C1FE74700A5C5AA /* Release */,
			);
			defaultConfigurationIsVisible = 0;
			defaultConfigurationName = Release;
		};
		710B66FF2C1FE74700A5C5AA /* Build configuration list for PBXNativeTarget "test1_storyboardTests" */ = {
			isa = XCConfigurationList;
			buildConfigurations = (
				710B67002C1FE74700A5C5AA /* Debug */,
				710B67012C1FE74700A5C5AA /* Release */,
			);
			defaultConfigurationIsVisible = 0;
			defaultConfigurationName = Release;
		};
		710B67022C1FE74700A5C5AA /* Build configuration list for PBXNativeTarget "test1_storyboardUITests" */ = {
			isa = XCConfigurationList;
			buildConfigurations = (
				710B67032C1FE74700A5C5AA /* Debug */,
				710B67042C1FE74700A5C5AA /* Release */,
			);
			defaultConfigurationIsVisible = 0;
			defaultConfigurationName = Release;
		};
/* End XCConfigurationList section */
	};
	rootObject = 710B66CA2C1FE74400A5C5AA /* Project object */;
}
